
Microsoft Visual Studio Solution File, Format Version 11.00
# Visual Studio 2010
Project("{FAE04EC0-301F-11D3-BF4B-00C04F79EFBC}") = "SpikeAutofac", "SpikeAutofac.csproj", "{6D16AF4E-D4A4-4B21-9CD1-8C9AF276AEEB}"
EndProject
Global
	GlobalSection(SolutionConfigurationPlatforms) = preSolution
		Debug|Any CPU = Debug|Any CPU
		Release|Any CPU = Release|Any CPU
	EndGlobalSection
	GlobalSection(ProjectConfigurationPlatforms) = postSolution
		{6D16AF4E-D4A4-4B21-9CD1-8C9AF276AEEB}.Debug|Any CPU.ActiveCfg = Debug|Any CPU
		{6D16AF4E-D4A4-4B21-9CD1-8C9AF276AEEB}.Debug|Any CPU.Build.0 = Debug|Any CPU
		{6D16AF4E-D4A4-4B21-9CD1-8C9AF276AEEB}.Release|Any CPU.ActiveCfg = Release|Any CPU
		{6D16AF4E-D4A4-4B21-9CD1-8C9AF276AEEB}.Release|Any CPU.Build.0 = Release|Any CPU
	EndGlobalSection
	GlobalSection(SolutionProperties) = preSolution
		HideSolutionNode = FALSE
	EndGlobalSection
EndGlobal
