{
  "name": "node-udp-gelf",
  "version": "0.1.0",
  "lockfileVersion": 1,
  "requires": true,
  "dependencies": {
    "is-gzip": {
      "version": "2.0.0",
      "resolved": "https://registry.npmjs.org/is-gzip/-/is-gzip-2.0.0.tgz",
      "integrity": "sha512-jtO4Njg6q58zDo/Pu4027beSZ0VdsZlt8/5Moco6yAg+DIxb5BK/xUYqYG2+MD4+piKldXJNHxRkhEYI2fvrxA=="
    },
    "node-fetch": {
      "version": "2.6.1",
      "resolved": "https://registry.npmjs.org/node-fetch/-/node-fetch-2.6.1.tgz",
      "integrity": "sha512-V4aYg89jEoVRxRb2fJdAg8FHvI7cEyYdVAh94HH0UIK8oJxUfkjlDQN9RbMx+bEjP7+ggMiFRprSti032Oipxw=="
    }
  }
}
