
Microsoft Visual Studio Solution File, Format Version 12.00
Project("{FAE04EC0-301F-11D3-BF4B-00C04F79EFBC}") = "SpikeAsync", "SpikeAsync.csproj", "{C142CC9E-189A-4785-B37E-83D6E9B5FB64}"
EndProject
Global
	GlobalSection(SolutionConfigurationPlatforms) = preSolution
		Debug|Any CPU = Debug|Any CPU
		Release|Any CPU = Release|Any CPU
	EndGlobalSection
	GlobalSection(ProjectConfigurationPlatforms) = postSolution
		{C142CC9E-189A-4785-B37E-83D6E9B5FB64}.Debug|Any CPU.ActiveCfg = Debug|Any CPU
		{C142CC9E-189A-4785-B37E-83D6E9B5FB64}.Debug|Any CPU.Build.0 = Debug|Any CPU
		{C142CC9E-189A-4785-B37E-83D6E9B5FB64}.Release|Any CPU.ActiveCfg = Release|Any CPU
		{C142CC9E-189A-4785-B37E-83D6E9B5FB64}.Release|Any CPU.Build.0 = Release|Any CPU
	EndGlobalSection
EndGlobal
