
Microsoft Visual Studio Solution File, Format Version 12.00
# Visual Studio 15
VisualStudioVersion = 15.0.26124.0
MinimumVisualStudioVersion = 15.0.26124.0
Project("{FAE04EC0-301F-11D3-BF4B-00C04F79EFBC}") = "ServerPipe", "ServerPipe\ServerPipe.csproj", "{AF02E7B3-4613-4C93-868C-804FEDA99BAE}"
EndProject
Project("{FAE04EC0-301F-11D3-BF4B-00C04F79EFBC}") = "ClientPipe", "ClientPipe\ClientPipe.csproj", "{0783F1CB-4C65-4C0A-B31D-746E8E7A06B9}"
EndProject
Global
	GlobalSection(SolutionConfigurationPlatforms) = preSolution
		Debug|Any CPU = Debug|Any CPU
		Debug|x64 = Debug|x64
		Debug|x86 = Debug|x86
		Release|Any CPU = Release|Any CPU
		Release|x64 = Release|x64
		Release|x86 = Release|x86
	EndGlobalSection
	GlobalSection(SolutionProperties) = preSolution
		HideSolutionNode = FALSE
	EndGlobalSection
	GlobalSection(ProjectConfigurationPlatforms) = postSolution
		{AF02E7B3-4613-4C93-868C-804FEDA99BAE}.Debug|Any CPU.ActiveCfg = Debug|Any CPU
		{AF02E7B3-4613-4C93-868C-804FEDA99BAE}.Debug|Any CPU.Build.0 = Debug|Any CPU
		{AF02E7B3-4613-4C93-868C-804FEDA99BAE}.Debug|x64.ActiveCfg = Debug|Any CPU
		{AF02E7B3-4613-4C93-868C-804FEDA99BAE}.Debug|x64.Build.0 = Debug|Any CPU
		{AF02E7B3-4613-4C93-868C-804FEDA99BAE}.Debug|x86.ActiveCfg = Debug|Any CPU
		{AF02E7B3-4613-4C93-868C-804FEDA99BAE}.Debug|x86.Build.0 = Debug|Any CPU
		{AF02E7B3-4613-4C93-868C-804FEDA99BAE}.Release|Any CPU.ActiveCfg = Release|Any CPU
		{AF02E7B3-4613-4C93-868C-804FEDA99BAE}.Release|Any CPU.Build.0 = Release|Any CPU
		{AF02E7B3-4613-4C93-868C-804FEDA99BAE}.Release|x64.ActiveCfg = Release|Any CPU
		{AF02E7B3-4613-4C93-868C-804FEDA99BAE}.Release|x64.Build.0 = Release|Any CPU
		{AF02E7B3-4613-4C93-868C-804FEDA99BAE}.Release|x86.ActiveCfg = Release|Any CPU
		{AF02E7B3-4613-4C93-868C-804FEDA99BAE}.Release|x86.Build.0 = Release|Any CPU
		{0783F1CB-4C65-4C0A-B31D-746E8E7A06B9}.Debug|Any CPU.ActiveCfg = Debug|Any CPU
		{0783F1CB-4C65-4C0A-B31D-746E8E7A06B9}.Debug|Any CPU.Build.0 = Debug|Any CPU
		{0783F1CB-4C65-4C0A-B31D-746E8E7A06B9}.Debug|x64.ActiveCfg = Debug|Any CPU
		{0783F1CB-4C65-4C0A-B31D-746E8E7A06B9}.Debug|x64.Build.0 = Debug|Any CPU
		{0783F1CB-4C65-4C0A-B31D-746E8E7A06B9}.Debug|x86.ActiveCfg = Debug|Any CPU
		{0783F1CB-4C65-4C0A-B31D-746E8E7A06B9}.Debug|x86.Build.0 = Debug|Any CPU
		{0783F1CB-4C65-4C0A-B31D-746E8E7A06B9}.Release|Any CPU.ActiveCfg = Release|Any CPU
		{0783F1CB-4C65-4C0A-B31D-746E8E7A06B9}.Release|Any CPU.Build.0 = Release|Any CPU
		{0783F1CB-4C65-4C0A-B31D-746E8E7A06B9}.Release|x64.ActiveCfg = Release|Any CPU
		{0783F1CB-4C65-4C0A-B31D-746E8E7A06B9}.Release|x64.Build.0 = Release|Any CPU
		{0783F1CB-4C65-4C0A-B31D-746E8E7A06B9}.Release|x86.ActiveCfg = Release|Any CPU
		{0783F1CB-4C65-4C0A-B31D-746E8E7A06B9}.Release|x86.Build.0 = Release|Any CPU
	EndGlobalSection
EndGlobal
